
Microsoft Visual Studio Solution File, Format Version 12.00
# Visual Studio Version 16
VisualStudioVersion = 16.0.30002.166
MinimumVisualStudioVersion = 10.0.40219.1
Project("{FAE04EC0-301F-11D3-BF4B-00C04F79EFBC}") = "Gulla.Episerver.SqlStudio", "Gulla.Episerver.SqlStudio\Gulla.Episerver.SqlStudio.csproj", "{3E3C31A6-4FB7-43FE-A732-65C332431AD5}"
EndProject
Global
	GlobalSection(SolutionConfigurationPlatforms) = preSolution
		Debug|Any CPU = Debug|Any CPU
		Release|Any CPU = Release|Any CPU
	EndGlobalSection
	GlobalSection(ProjectConfigurationPlatforms) = postSolution
		{3E3C31A6-4FB7-43FE-A732-65C332431AD5}.Debug|Any CPU.ActiveCfg = Debug|Any CPU
		{3E3C31A6-4FB7-43FE-A732-65C332431AD5}.Debug|Any CPU.Build.0 = Debug|Any CPU
		{3E3C31A6-4FB7-43FE-A732-65C332431AD5}.Release|Any CPU.ActiveCfg = Release|Any CPU
		{3E3C31A6-4FB7-43FE-A732-65C332431AD5}.Release|Any CPU.Build.0 = Release|Any CPU
	EndGlobalSection
	GlobalSection(SolutionProperties) = preSolution
		HideSolutionNode = FALSE
	EndGlobalSection
	GlobalSection(ExtensibilityGlobals) = postSolution
		SolutionGuid = {E0359694-33ED-452D-B783-8F3D038ECFA1}
	EndGlobalSection
EndGlobal
